
Microsoft Visual Studio Solution File, Format Version 12.00
# Visual Studio for Mac
Project("{FAE04EC0-301F-11D3-BF4B-00C04F79EFBC}") = "procedural meshes", "procedural meshes.csproj", "{50581605-7B9E-4377-2E28-4DE73599AD8B}"
EndProject
Global
	GlobalSection(SolutionConfigurationPlatforms) = preSolution
		Debug|Any CPU = Debug|Any CPU
		Release|Any CPU = Release|Any CPU
	EndGlobalSection
	GlobalSection(ProjectConfigurationPlatforms) = postSolution
		{50581605-7B9E-4377-2E28-4DE73599AD8B}.Debug|Any CPU.ActiveCfg = Debug|Any CPU
		{50581605-7B9E-4377-2E28-4DE73599AD8B}.Debug|Any CPU.Build.0 = Debug|Any CPU
		{50581605-7B9E-4377-2E28-4DE73599AD8B}.Release|Any CPU.ActiveCfg = Release|Any CPU
		{50581605-7B9E-4377-2E28-4DE73599AD8B}.Release|Any CPU.Build.0 = Release|Any CPU
	EndGlobalSection
	GlobalSection(SolutionProperties) = preSolution
		HideSolutionNode = FALSE
	EndGlobalSection
EndGlobal
